
Microsoft Visual Studio Solution File, Format Version 12.00
# Visual Studio Version 16
VisualStudioVersion = 16.0.31005.135
MinimumVisualStudioVersion = 10.0.40219.1
Project("{FAE04EC0-301F-11D3-BF4B-00C04F79EFBC}") = "SkillTest", "SkillTest.csproj", "{1E170695-70DD-4E57-B7DF-A3AC2EA0A8C2}"
EndProject
Project("{54435603-DBB4-11D2-8724-00A0C9A8B90C}") = "SkillTest_setup", "..\SkillTest_setup\SkillTest_setup.vdproj", "{146FBB3F-47F8-481A-8654-BBB6E75A45DA}"
EndProject
Global
	GlobalSection(SolutionConfigurationPlatforms) = preSolution
		Debug|Any CPU = Debug|Any CPU
		Release|Any CPU = Release|Any CPU
	EndGlobalSection
	GlobalSection(ProjectConfigurationPlatforms) = postSolution
		{1E170695-70DD-4E57-B7DF-A3AC2EA0A8C2}.Debug|Any CPU.ActiveCfg = Debug|Any CPU
		{1E170695-70DD-4E57-B7DF-A3AC2EA0A8C2}.Debug|Any CPU.Build.0 = Debug|Any CPU
		{1E170695-70DD-4E57-B7DF-A3AC2EA0A8C2}.Release|Any CPU.ActiveCfg = Release|Any CPU
		{1E170695-70DD-4E57-B7DF-A3AC2EA0A8C2}.Release|Any CPU.Build.0 = Release|Any CPU
		{146FBB3F-47F8-481A-8654-BBB6E75A45DA}.Debug|Any CPU.ActiveCfg = Debug
		{146FBB3F-47F8-481A-8654-BBB6E75A45DA}.Release|Any CPU.ActiveCfg = Release
	EndGlobalSection
	GlobalSection(SolutionProperties) = preSolution
		HideSolutionNode = FALSE
	EndGlobalSection
	GlobalSection(ExtensibilityGlobals) = postSolution
		SolutionGuid = {3C19E1D9-C48D-413B-9EB7-24EF8BB118DB}
	EndGlobalSection
EndGlobal
